// !$*UTF8*$!
{
	archiveVersion = 1;
	classes = {
	};
	objectVersion = 56;
	objects = {

/* Begin PBXBuildFile section */
		9A06443028FA91B400A552B6 /* AppDelegate.swift in Sources */ = {isa = PBXBuildFile; fileRef = 9A06442F28FA91B400A552B6 /* AppDelegate.swift */; };
		9A06443228FA91B400A552B6 /* SceneDelegate.swift in Sources */ = {isa = PBXBuildFile; fileRef = 9A06443128FA91B400A552B6 /* SceneDelegate.swift */; };
		9A06443428FA91B400A552B6 /* MainScreen.swift in Sources */ = {isa = PBXBuildFile; fileRef = 9A06443328FA91B400A552B6 /* MainScreen.swift */; };
		9A06443928FA91B500A552B6 /* Assets.xcassets in Resources */ = {isa = PBXBuildFile; fileRef = 9A06443828FA91B500A552B6 /* Assets.xcassets */; };
		9A06443C28FA91B500A552B6 /* LaunchScreen.storyboard in Resources */ = {isa = PBXBuildFile; fileRef = 9A06443A28FA91B500A552B6 /* LaunchScreen.storyboard */; };
		9A06444928FC1A9500A552B6 /* UIView+Extension.swift in Sources */ = {isa = PBXBuildFile; fileRef = 9A06444828FC1A9500A552B6 /* UIView+Extension.swift */; };
		9A06444B28FC1B5500A552B6 /* APIService.swift in Sources */ = {isa = PBXBuildFile; fileRef = 9A06444A28FC1B5500A552B6 /* APIService.swift */; };
		9A06444D28FC1F7800A552B6 /* NetworkHelper.swift in Sources */ = {isa = PBXBuildFile; fileRef = 9A06444C28FC1F7800A552B6 /* NetworkHelper.swift */; };
		9A06444F28FC2A0000A552B6 /* APIRouter.swift in Sources */ = {isa = PBXBuildFile; fileRef = 9A06444E28FC2A0000A552B6 /* APIRouter.swift */; };
		9A06445228FC352800A552B6 /* SearchMovieResponseDTO.swift in Sources */ = {isa = PBXBuildFile; fileRef = 9A06445128FC352800A552B6 /* SearchMovieResponseDTO.swift */; };
		9A06445528FC3A2C00A552B6 /* Alamofire in Frameworks */ = {isa = PBXBuildFile; productRef = 9A06445428FC3A2C00A552B6 /* Alamofire */; };
		9A06445A28FC63CF00A552B6 /* MainScreenViewModel.swift in Sources */ = {isa = PBXBuildFile; fileRef = 9A06445928FC63CF00A552B6 /* MainScreenViewModel.swift */; };
		9A06445C28FC74D100A552B6 /* UIHelper.swift in Sources */ = {isa = PBXBuildFile; fileRef = 9A06445B28FC74D100A552B6 /* UIHelper.swift */; };
		9A06446128FC758C00A552B6 /* CGFloat+Extension.swift in Sources */ = {isa = PBXBuildFile; fileRef = 9A06446028FC758C00A552B6 /* CGFloat+Extension.swift */; };
		9A06446328FC776400A552B6 /* MovieCollectionViewCell.swift in Sources */ = {isa = PBXBuildFile; fileRef = 9A06446228FC776400A552B6 /* MovieCollectionViewCell.swift */; };
		9A06446528FC829C00A552B6 /* PosterImageView.swift in Sources */ = {isa = PBXBuildFile; fileRef = 9A06446428FC829C00A552B6 /* PosterImageView.swift */; };
		9A06446828FC8B4200A552B6 /* Kingfisher in Frameworks */ = {isa = PBXBuildFile; productRef = 9A06446728FC8B4200A552B6 /* Kingfisher */; };
		9A06446A28FC983500A552B6 /* UICollectionView+Extension.swift in Sources */ = {isa = PBXBuildFile; fileRef = 9A06446928FC983500A552B6 /* UICollectionView+Extension.swift */; };
		9A06446E28FCA45700A552B6 /* MovieDetailViewController.swift in Sources */ = {isa = PBXBuildFile; fileRef = 9A06446C28FCA45700A552B6 /* MovieDetailViewController.swift */; };
		9A06447128FDDE4800A552B6 /* MovieDetail.storyboard in Resources */ = {isa = PBXBuildFile; fileRef = 9A06447028FDDE4800A552B6 /* MovieDetail.storyboard */; };
		9A06447328FDE06600A552B6 /* MovieDetailViewModel.swift in Sources */ = {isa = PBXBuildFile; fileRef = 9A06447228FDE06600A552B6 /* MovieDetailViewModel.swift */; };
		9A06448728FE769B00A552B6 /* SplashScreen.swift in Sources */ = {isa = PBXBuildFile; fileRef = 9A06448628FE769B00A552B6 /* SplashScreen.swift */; };
		9A06448A28FE76EC00A552B6 /* SplashScreen.storyboard in Resources */ = {isa = PBXBuildFile; fileRef = 9A06448928FE76EC00A552B6 /* SplashScreen.storyboard */; };
/* End PBXBuildFile section */

/* Begin PBXFileReference section */
		9A06442C28FA91B400A552B6 /* HorizonMuv.app */ = {isa = PBXFileReference; explicitFileType = wrapper.application; includeInIndex = 0; path = HorizonMuv.app; sourceTree = BUILT_PRODUCTS_DIR; };
		9A06442F28FA91B400A552B6 /* AppDelegate.swift */ = {isa = PBXFileReference; lastKnownFileType = sourcecode.swift; path = AppDelegate.swift; sourceTree = "<group>"; };
		9A06443128FA91B400A552B6 /* SceneDelegate.swift */ = {isa = PBXFileReference; lastKnownFileType = sourcecode.swift; path = SceneDelegate.swift; sourceTree = "<group>"; };
		9A06443328FA91B400A552B6 /* MainScreen.swift */ = {isa = PBXFileReference; lastKnownFileType = sourcecode.swift; path = MainScreen.swift; sourceTree = "<group>"; };
		9A06443828FA91B500A552B6 /* Assets.xcassets */ = {isa = PBXFileReference; lastKnownFileType = folder.assetcatalog; path = Assets.xcassets; sourceTree = "<group>"; };
		9A06443B28FA91B500A552B6 /* Base */ = {isa = PBXFileReference; lastKnownFileType = file.storyboard; name = Base; path = Base.lproj/LaunchScreen.storyboard; sourceTree = "<group>"; };
		9A06443D28FA91B500A552B6 /* Info.plist */ = {isa = PBXFileReference; lastKnownFileType = text.plist.xml; path = Info.plist; sourceTree = "<group>"; };
		9A06444828FC1A9500A552B6 /* UIView+Extension.swift */ = {isa = PBXFileReference; lastKnownFileType = sourcecode.swift; path = "UIView+Extension.swift"; sourceTree = "<group>"; };
		9A06444A28FC1B5500A552B6 /* APIService.swift */ = {isa = PBXFileReference; lastKnownFileType = sourcecode.swift; path = APIService.swift; sourceTree = "<group>"; };
		9A06444C28FC1F7800A552B6 /* NetworkHelper.swift */ = {isa = PBXFileReference; lastKnownFileType = sourcecode.swift; path = NetworkHelper.swift; sourceTree = "<group>"; };
		9A06444E28FC2A0000A552B6 /* APIRouter.swift */ = {isa = PBXFileReference; lastKnownFileType = sourcecode.swift; path = APIRouter.swift; sourceTree = "<group>"; };
		9A06445128FC352800A552B6 /* SearchMovieResponseDTO.swift */ = {isa = PBXFileReference; lastKnownFileType = sourcecode.swift; path = SearchMovieResponseDTO.swift; sourceTree = "<group>"; };
		9A06445928FC63CF00A552B6 /* MainScreenViewModel.swift */ = {isa = PBXFileReference; lastKnownFileType = sourcecode.swift; path = MainScreenViewModel.swift; sourceTree = "<group>"; };
		9A06445B28FC74D100A552B6 /* UIHelper.swift */ = {isa = PBXFileReference; lastKnownFileType = sourcecode.swift; path = UIHelper.swift; sourceTree = "<group>"; };
		9A06446028FC758C00A552B6 /* CGFloat+Extension.swift */ = {isa = PBXFileReference; lastKnownFileType = sourcecode.swift; path = "CGFloat+Extension.swift"; sourceTree = "<group>"; };
		9A06446228FC776400A552B6 /* MovieCollectionViewCell.swift */ = {isa = PBXFileReference; lastKnownFileType = sourcecode.swift; path = MovieCollectionViewCell.swift; sourceTree = "<group>"; };
		9A06446428FC829C00A552B6 /* PosterImageView.swift */ = {isa = PBXFileReference; lastKnownFileType = sourcecode.swift; path = PosterImageView.swift; sourceTree = "<group>"; };
		9A06446928FC983500A552B6 /* UICollectionView+Extension.swift */ = {isa = PBXFileReference; lastKnownFileType = sourcecode.swift; path = "UICollectionView+Extension.swift"; sourceTree = "<group>"; };
		9A06446C28FCA45700A552B6 /* MovieDetailViewController.swift */ = {isa = PBXFileReference; lastKnownFileType = sourcecode.swift; path = MovieDetailViewController.swift; sourceTree = "<group>"; };
		9A06447028FDDE4800A552B6 /* MovieDetail.storyboard */ = {isa = PBXFileReference; lastKnownFileType = file.storyboard; path = MovieDetail.storyboard; sourceTree = "<group>"; };
		9A06447228FDE06600A552B6 /* MovieDetailViewModel.swift */ = {isa = PBXFileReference; lastKnownFileType = sourcecode.swift; path = MovieDetailViewModel.swift; sourceTree = "<group>"; };
		9A06448628FE769B00A552B6 /* SplashScreen.swift */ = {isa = PBXFileReference; lastKnownFileType = sourcecode.swift; path = SplashScreen.swift; sourceTree = "<group>"; };
		9A06448928FE76EC00A552B6 /* SplashScreen.storyboard */ = {isa = PBXFileReference; lastKnownFileType = file.storyboard; path = SplashScreen.storyboard; sourceTree = "<group>"; };
/* End PBXFileReference section */

/* Begin PBXFrameworksBuildPhase section */
		9A06442928FA91B400A552B6 /* Frameworks */ = {
			isa = PBXFrameworksBuildPhase;
			buildActionMask = 2147483647;
			files = (
				9A06446828FC8B4200A552B6 /* Kingfisher in Frameworks */,
				9A06445528FC3A2C00A552B6 /* Alamofire in Frameworks */,
			);
			runOnlyForDeploymentPostprocessing = 0;
		};
/* End PBXFrameworksBuildPhase section */

/* Begin PBXGroup section */
		9A06442328FA91B400A552B6 = {
			isa = PBXGroup;
			children = (
				9A06442E28FA91B400A552B6 /* HorizonMuv */,
				9A06442D28FA91B400A552B6 /* Products */,
			);
			sourceTree = "<group>";
		};
		9A06442D28FA91B400A552B6 /* Products */ = {
			isa = PBXGroup;
			children = (
				9A06442C28FA91B400A552B6 /* HorizonMuv.app */,
			);
			name = Products;
			sourceTree = "<group>";
		};
		9A06442E28FA91B400A552B6 /* HorizonMuv */ = {
			isa = PBXGroup;
			children = (
				9A06445D28FC756100A552B6 /* Extensions */,
				9A06445628FC638500A552B6 /* Core */,
				9A06445028FC350E00A552B6 /* Models */,
				9A06444728FC1A2100A552B6 /* Utilities */,
				9A06444628FC18E000A552B6 /* Services */,
				9A06442F28FA91B400A552B6 /* AppDelegate.swift */,
				9A06443128FA91B400A552B6 /* SceneDelegate.swift */,
				9A06443828FA91B500A552B6 /* Assets.xcassets */,
				9A06443A28FA91B500A552B6 /* LaunchScreen.storyboard */,
				9A06443D28FA91B500A552B6 /* Info.plist */,
			);
			path = HorizonMuv;
			sourceTree = "<group>";
		};
		9A06444628FC18E000A552B6 /* Services */ = {
			isa = PBXGroup;
			children = (
				9A06444A28FC1B5500A552B6 /* APIService.swift */,
			);
			path = Services;
			sourceTree = "<group>";
		};
		9A06444728FC1A2100A552B6 /* Utilities */ = {
			isa = PBXGroup;
			children = (
				9A06444C28FC1F7800A552B6 /* NetworkHelper.swift */,
				9A06444E28FC2A0000A552B6 /* APIRouter.swift */,
				9A06445B28FC74D100A552B6 /* UIHelper.swift */,
			);
			path = Utilities;
			sourceTree = "<group>";
		};
		9A06445028FC350E00A552B6 /* Models */ = {
			isa = PBXGroup;
			children = (
				9A06445128FC352800A552B6 /* SearchMovieResponseDTO.swift */,
			);
			path = Models;
			sourceTree = "<group>";
		};
		9A06445628FC638500A552B6 /* Core */ = {
			isa = PBXGroup;
			children = (
				9A06448528FE768000A552B6 /* SplashScreen */,
				9A06446B28FCA41800A552B6 /* MovieDetailScreen */,
				9A06445828FC639E00A552B6 /* Components */,
				9A06445728FC639100A552B6 /* MainScreen */,
			);
			path = Core;
			sourceTree = "<group>";
		};
		9A06445728FC639100A552B6 /* MainScreen */ = {
			isa = PBXGroup;
			children = (
				9A06443328FA91B400A552B6 /* MainScreen.swift */,
				9A06445928FC63CF00A552B6 /* MainScreenViewModel.swift */,
			);
			path = MainScreen;
			sourceTree = "<group>";
		};
		9A06445828FC639E00A552B6 /* Components */ = {
			isa = PBXGroup;
			children = (
				9A06446228FC776400A552B6 /* MovieCollectionViewCell.swift */,
				9A06446428FC829C00A552B6 /* PosterImageView.swift */,
			);
			path = Components;
			sourceTree = "<group>";
		};
		9A06445D28FC756100A552B6 /* Extensions */ = {
			isa = PBXGroup;
			children = (
				9A06444828FC1A9500A552B6 /* UIView+Extension.swift */,
				9A06446028FC758C00A552B6 /* CGFloat+Extension.swift */,
				9A06446928FC983500A552B6 /* UICollectionView+Extension.swift */,
			);
			path = Extensions;
			sourceTree = "<group>";
		};
		9A06446B28FCA41800A552B6 /* MovieDetailScreen */ = {
			isa = PBXGroup;
			children = (
				9A06446C28FCA45700A552B6 /* MovieDetailViewController.swift */,
				9A06447028FDDE4800A552B6 /* MovieDetail.storyboard */,
				9A06447228FDE06600A552B6 /* MovieDetailViewModel.swift */,
			);
			path = MovieDetailScreen;
			sourceTree = "<group>";
		};
		9A06448528FE768000A552B6 /* SplashScreen */ = {
			isa = PBXGroup;
			children = (
				9A06448628FE769B00A552B6 /* SplashScreen.swift */,
			);
			path = SplashScreen;
			sourceTree = "<group>";
		};
		9A06448828FE76BC00A552B6 /* Storyboards */ = {
			isa = PBXGroup;
			children = (
				9A06448928FE76EC00A552B6 /* SplashScreen.storyboard */,
			);
			path = Storyboards;
			sourceTree = "<group>";
		};
/* End PBXGroup section */

/* Begin PBXNativeTarget section */
		9A06442B28FA91B400A552B6 /* HorizonMuv */ = {
			isa = PBXNativeTarget;
			buildConfigurationList = 9A06444028FA91B500A552B6 /* Build configuration list for PBXNativeTarget "HorizonMuv" */;
			buildPhases = (
				9A06442828FA91B400A552B6 /* Sources */,
				9A06442928FA91B400A552B6 /* Frameworks */,
				9A06442A28FA91B400A552B6 /* Resources */,
			);
			buildRules = (
			);
			dependencies = (
			);
			name = HorizonMuv;
			packageProductDependencies = (
				9A06445428FC3A2C00A552B6 /* Alamofire */,
				9A06446728FC8B4200A552B6 /* Kingfisher */,
			);
			productName = HorizonMuv;
			productReference = 9A06442C28FA91B400A552B6 /* HorizonMuv.app */;
			productType = "com.apple.product-type.application";
		};
/* End PBXNativeTarget section */

/* Begin PBXProject section */
		9A06442428FA91B400A552B6 /* Project object */ = {
			isa = PBXProject;
			attributes = {
				BuildIndependentTargetsInParallel = 1;
				LastSwiftUpdateCheck = 1400;
				LastUpgradeCheck = 1400;
				TargetAttributes = {
					9A06442B28FA91B400A552B6 = {
						CreatedOnToolsVersion = 14.0.1;
					};
				};
			};
			buildConfigurationList = 9A06442728FA91B400A552B6 /* Build configuration list for PBXProject "HorizonMuv" */;
			compatibilityVersion = "Xcode 14.0";
			developmentRegion = en;
			hasScannedForEncodings = 0;
			knownRegions = (
				en,
				Base,
			);
			mainGroup = 9A06442328FA91B400A552B6;
			packageReferences = (
				9A06445328FC3A2C00A552B6 /* XCRemoteSwiftPackageReference "Alamofire" */,
				9A06446628FC8B4200A552B6 /* XCRemoteSwiftPackageReference "Kingfisher" */,
			);
			productRefGroup = 9A06442D28FA91B400A552B6 /* Products */;
			projectDirPath = "";
			projectRoot = "";
			targets = (
				9A06442B28FA91B400A552B6 /* HorizonMuv */,
			);
		};
/* End PBXProject section */

/* Begin PBXResourcesBuildPhase section */
		9A06442A28FA91B400A552B6 /* Resources */ = {
			isa = PBXResourcesBuildPhase;
			buildActionMask = 2147483647;
			files = (
				9A06448A28FE76EC00A552B6 /* SplashScreen.storyboard in Resources */,
				9A06447128FDDE4800A552B6 /* MovieDetail.storyboard in Resources */,
				9A06443C28FA91B500A552B6 /* LaunchScreen.storyboard in Resources */,
				9A06443928FA91B500A552B6 /* Assets.xcassets in Resources */,
			);
			runOnlyForDeploymentPostprocessing = 0;
		};
/* End PBXResourcesBuildPhase section */

/* Begin PBXSourcesBuildPhase section */
		9A06442828FA91B400A552B6 /* Sources */ = {
			isa = PBXSourcesBuildPhase;
			buildActionMask = 2147483647;
			files = (
				9A06443428FA91B400A552B6 /* MainScreen.swift in Sources */,
				9A06446E28FCA45700A552B6 /* MovieDetailViewController.swift in Sources */,
				9A06444B28FC1B5500A552B6 /* APIService.swift in Sources */,
				9A06443028FA91B400A552B6 /* AppDelegate.swift in Sources */,
				9A06447328FDE06600A552B6 /* MovieDetailViewModel.swift in Sources */,
				9A06446328FC776400A552B6 /* MovieCollectionViewCell.swift in Sources */,
				9A06445C28FC74D100A552B6 /* UIHelper.swift in Sources */,
				9A06444928FC1A9500A552B6 /* UIView+Extension.swift in Sources */,
				9A06445228FC352800A552B6 /* SearchMovieResponseDTO.swift in Sources */,
				9A06448728FE769B00A552B6 /* SplashScreen.swift in Sources */,
				9A06446128FC758C00A552B6 /* CGFloat+Extension.swift in Sources */,
				9A06446A28FC983500A552B6 /* UICollectionView+Extension.swift in Sources */,
				9A06445A28FC63CF00A552B6 /* MainScreenViewModel.swift in Sources */,
				9A06444F28FC2A0000A552B6 /* APIRouter.swift in Sources */,
				9A06444D28FC1F7800A552B6 /* NetworkHelper.swift in Sources */,
				9A06446528FC829C00A552B6 /* PosterImageView.swift in Sources */,
				9A06443228FA91B400A552B6 /* SceneDelegate.swift in Sources */,
			);
			runOnlyForDeploymentPostprocessing = 0;
		};
/* End PBXSourcesBuildPhase section */

/* Begin PBXVariantGroup section */
		9A06443A28FA91B500A552B6 /* LaunchScreen.storyboard */ = {
			isa = PBXVariantGroup;
			children = (
				9A06443B28FA91B500A552B6 /* Base */,
			);
			name = LaunchScreen.storyboard;
			sourceTree = "<group>";
		};
/* End PBXVariantGroup section */

/* Begin XCBuildConfiguration section */
		9A06443E28FA91B500A552B6 /* Debug */ = {
			isa = XCBuildConfiguration;
			buildSettings = {
				ALWAYS_SEARCH_USER_PATHS = NO;
				CLANG_ANALYZER_NONNULL = YES;
				CLANG_ANALYZER_NUMBER_OBJECT_CONVERSION = YES_AGGRESSIVE;
				CLANG_CXX_LANGUAGE_STANDARD = "gnu++20";
				CLANG_ENABLE_MODULES = YES;
				CLANG_ENABLE_OBJC_ARC = YES;
				CLANG_ENABLE_OBJC_WEAK = YES;
				CLANG_WARN_BLOCK_CAPTURE_AUTORELEASING = YES;
				CLANG_WARN_BOOL_CONVERSION = YES;
				CLANG_WARN_COMMA = YES;
				CLANG_WARN_CONSTANT_CONVERSION = YES;
				CLANG_WARN_DEPRECATED_OBJC_IMPLEMENTATIONS = YES;
				CLANG_WARN_DIRECT_OBJC_ISA_USAGE = YES_ERROR;
				CLANG_WARN_DOCUMENTATION_COMMENTS = YES;
				CLANG_WARN_EMPTY_BODY = YES;
				CLANG_WARN_ENUM_CONVERSION = YES;
				CLANG_WARN_INFINITE_RECURSION = YES;
				CLANG_WARN_INT_CONVERSION = YES;
				CLANG_WARN_NON_LITERAL_NULL_CONVERSION = YES;
				CLANG_WARN_OBJC_IMPLICIT_RETAIN_SELF = YES;
				CLANG_WARN_OBJC_LITERAL_CONVERSION = YES;
				CLANG_WARN_OBJC_ROOT_CLASS = YES_ERROR;
				CLANG_WARN_QUOTED_INCLUDE_IN_FRAMEWORK_HEADER = YES;
				CLANG_WARN_RANGE_LOOP_ANALYSIS = YES;
				CLANG_WARN_STRICT_PROTOTYPES = YES;
				CLANG_WARN_SUSPICIOUS_MOVE = YES;
				CLANG_WARN_UNGUARDED_AVAILABILITY = YES_AGGRESSIVE;
				CLANG_WARN_UNREACHABLE_CODE = YES;
				CLANG_WARN__DUPLICATE_METHOD_MATCH = YES;
				COPY_PHASE_STRIP = NO;
				DEBUG_INFORMATION_FORMAT = dwarf;
				ENABLE_STRICT_OBJC_MSGSEND = YES;
				ENABLE_TESTABILITY = YES;
				GCC_C_LANGUAGE_STANDARD = gnu11;
				GCC_DYNAMIC_NO_PIC = NO;
				GCC_NO_COMMON_BLOCKS = YES;
				GCC_OPTIMIZATION_LEVEL = 0;
				GCC_PREPROCESSOR_DEFINITIONS = (
					"DEBUG=1",
					"$(inherited)",
				);
				GCC_WARN_64_TO_32_BIT_CONVERSION = YES;
				GCC_WARN_ABOUT_RETURN_TYPE = YES_ERROR;
				GCC_WARN_UNDECLARED_SELECTOR = YES;
				GCC_WARN_UNINITIALIZED_AUTOS = YES_AGGRESSIVE;
				GCC_WARN_UNUSED_FUNCTION = YES;
				GCC_WARN_UNUSED_VARIABLE = YES;
				IPHONEOS_DEPLOYMENT_TARGET = 16.0;
				MTL_ENABLE_DEBUG_INFO = INCLUDE_SOURCE;
				MTL_FAST_MATH = YES;
				ONLY_ACTIVE_ARCH = YES;
				SDKROOT = iphoneos;
				SWIFT_ACTIVE_COMPILATION_CONDITIONS = DEBUG;
				SWIFT_OPTIMIZATION_LEVEL = "-Onone";
			};
			name = Debug;
		};
		9A06443F28FA91B500A552B6 /* Release */ = {
			isa = XCBuildConfiguration;
			buildSettings = {
				ALWAYS_SEARCH_USER_PATHS = NO;
				CLANG_ANALYZER_NONNULL = YES;
				CLANG_ANALYZER_NUMBER_OBJECT_CONVERSION = YES_AGGRESSIVE;
				CLANG_CXX_LANGUAGE_STANDARD = "gnu++20";
				CLANG_ENABLE_MODULES = YES;
				CLANG_ENABLE_OBJC_ARC = YES;
				CLANG_ENABLE_OBJC_WEAK = YES;
				CLANG_WARN_BLOCK_CAPTURE_AUTORELEASING = YES;
				CLANG_WARN_BOOL_CONVERSION = YES;
				CLANG_WARN_COMMA = YES;
				CLANG_WARN_CONSTANT_CONVERSION = YES;
				CLANG_WARN_DEPRECATED_OBJC_IMPLEMENTATIONS = YES;
				CLANG_WARN_DIRECT_OBJC_ISA_USAGE = YES_ERROR;
				CLANG_WARN_DOCUMENTATION_COMMENTS = YES;
				CLANG_WARN_EMPTY_BODY = YES;
				CLANG_WARN_ENUM_CONVERSION = YES;
				CLANG_WARN_INFINITE_RECURSION = YES;
				CLANG_WARN_INT_CONVERSION = YES;
				CLANG_WARN_NON_LITERAL_NULL_CONVERSION = YES;
				CLANG_WARN_OBJC_IMPLICIT_RETAIN_SELF = YES;
				CLANG_WARN_OBJC_LITERAL_CONVERSION = YES;
				CLANG_WARN_OBJC_ROOT_CLASS = YES_ERROR;
				CLANG_WARN_QUOTED_INCLUDE_IN_FRAMEWORK_HEADER = YES;
				CLANG_WARN_RANGE_LOOP_ANALYSIS = YES;
				CLANG_WARN_STRICT_PROTOTYPES = YES;
				CLANG_WARN_SUSPICIOUS_MOVE = YES;
				CLANG_WARN_UNGUARDED_AVAILABILITY = YES_AGGRESSIVE;
				CLANG_WARN_UNREACHABLE_CODE = YES;
				CLANG_WARN__DUPLICATE_METHOD_MATCH = YES;
				COPY_PHASE_STRIP = NO;
				DEBUG_INFORMATION_FORMAT = "dwarf-with-dsym";
				ENABLE_NS_ASSERTIONS = NO;
				ENABLE_STRICT_OBJC_MSGSEND = YES;
				GCC_C_LANGUAGE_STANDARD = gnu11;
				GCC_NO_COMMON_BLOCKS = YES;
				GCC_WARN_64_TO_32_BIT_CONVERSION = YES;
				GCC_WARN_ABOUT_RETURN_TYPE = YES_ERROR;
				GCC_WARN_UNDECLARED_SELECTOR = YES;
				GCC_WARN_UNINITIALIZED_AUTOS = YES_AGGRESSIVE;
				GCC_WARN_UNUSED_FUNCTION = YES;
				GCC_WARN_UNUSED_VARIABLE = YES;
				IPHONEOS_DEPLOYMENT_TARGET = 16.0;
				MTL_ENABLE_DEBUG_INFO = NO;
				MTL_FAST_MATH = YES;
				SDKROOT = iphoneos;
				SWIFT_COMPILATION_MODE = wholemodule;
				SWIFT_OPTIMIZATION_LEVEL = "-O";
				VALIDATE_PRODUCT = YES;
			};
			name = Release;
		};
		9A06444128FA91B500A552B6 /* Debug */ = {
			isa = XCBuildConfiguration;
			buildSettings = {
				ASSETCATALOG_COMPILER_APPICON_NAME = AppIcon;
				ASSETCATALOG_COMPILER_GLOBAL_ACCENT_COLOR_NAME = AccentColor;
				CODE_SIGN_STYLE = Automatic;
				CURRENT_PROJECT_VERSION = 1;
				DEVELOPMENT_TEAM = 664UK652FK;
				GENERATE_INFOPLIST_FILE = YES;
				INFOPLIST_FILE = HorizonMuv/Info.plist;
				INFOPLIST_KEY_UIApplicationSupportsIndirectInputEvents = YES;
				INFOPLIST_KEY_UILaunchStoryboardName = LaunchScreen;
				INFOPLIST_KEY_UISupportedInterfaceOrientations_iPad = "UIInterfaceOrientationPortrait UIInterfaceOrientationPortraitUpsideDown UIInterfaceOrientationLandscapeLeft UIInterfaceOrientationLandscapeRight";
				INFOPLIST_KEY_UISupportedInterfaceOrientations_iPhone = "UIInterfaceOrientationPortrait UIInterfaceOrientationLandscapeLeft UIInterfaceOrientationLandscapeRight";
				IPHONEOS_DEPLOYMENT_TARGET = 15.0;
				LD_RUNPATH_SEARCH_PATHS = (
					"$(inherited)",
					"@executable_path/Frameworks",
				);
				MARKETING_VERSION = 1.0;
				PRODUCT_BUNDLE_IDENTIFIER = com.fqi.HorizonMuv;
				PRODUCT_NAME = "$(TARGET_NAME)";
				SUPPORTED_PLATFORMS = "iphoneos iphonesimulator";
				SUPPORTS_MACCATALYST = NO;
				SUPPORTS_MAC_DESIGNED_FOR_IPHONE_IPAD = YES;
				SWIFT_EMIT_LOC_STRINGS = YES;
				SWIFT_VERSION = 5.0;
				TARGETED_DEVICE_FAMILY = 1;
			};
			name = Debug;
		};
		9A06444228FA91B500A552B6 /* Release */ = {
			isa = XCBuildConfiguration;
			buildSettings = {
				ASSETCATALOG_COMPILER_APPICON_NAME = AppIcon;
				ASSETCATALOG_COMPILER_GLOBAL_ACCENT_COLOR_NAME = AccentColor;
				CODE_SIGN_STYLE = Automatic;
				CURRENT_PROJECT_VERSION = 1;
				DEVELOPMENT_TEAM = 664UK652FK;
				GENERATE_INFOPLIST_FILE = YES;
				INFOPLIST_FILE = HorizonMuv/Info.plist;
				INFOPLIST_KEY_UIApplicationSupportsIndirectInputEvents = YES;
				INFOPLIST_KEY_UILaunchStoryboardName = LaunchScreen;
				INFOPLIST_KEY_UISupportedInterfaceOrientations_iPad = "UIInterfaceOrientationPortrait UIInterfaceOrientationPortraitUpsideDown UIInterfaceOrientationLandscapeLeft UIInterfaceOrientationLandscapeRight";
				INFOPLIST_KEY_UISupportedInterfaceOrientations_iPhone = "UIInterfaceOrientationPortrait UIInterfaceOrientationLandscapeLeft UIInterfaceOrientationLandscapeRight";
				IPHONEOS_DEPLOYMENT_TARGET = 15.0;
				LD_RUNPATH_SEARCH_PATHS = (
					"$(inherited)",
					"@executable_path/Frameworks",
				);
				MARKETING_VERSION = 1.0;
				PRODUCT_BUNDLE_IDENTIFIER = com.fqi.HorizonMuv;
				PRODUCT_NAME = "$(TARGET_NAME)";
				SUPPORTED_PLATFORMS = "iphoneos iphonesimulator";
				SUPPORTS_MACCATALYST = NO;
				SUPPORTS_MAC_DESIGNED_FOR_IPHONE_IPAD = YES;
				SWIFT_EMIT_LOC_STRINGS = YES;
				SWIFT_VERSION = 5.0;
				TARGETED_DEVICE_FAMILY = 1;
			};
			name = Release;
		};
/* End XCBuildConfiguration section */

/* Begin XCConfigurationList section */
		9A06442728FA91B400A552B6 /* Build configuration list for PBXProject "HorizonMuv" */ = {
			isa = XCConfigurationList;
			buildConfigurations = (
				9A06443E28FA91B500A552B6 /* Debug */,
				9A06443F28FA91B500A552B6 /* Release */,
			);
			defaultConfigurationIsVisible = 0;
			defaultConfigurationName = Release;
		};
		9A06444028FA91B500A552B6 /* Build configuration list for PBXNativeTarget "HorizonMuv" */ = {
			isa = XCConfigurationList;
			buildConfigurations = (
				9A06444128FA91B500A552B6 /* Debug */,
				9A06444228FA91B500A552B6 /* Release */,
			);
			defaultConfigurationIsVisible = 0;
			defaultConfigurationName = Release;
		};
/* End XCConfigurationList section */

/* Begin XCRemoteSwiftPackageReference section */
		9A06445328FC3A2C00A552B6 /* XCRemoteSwiftPackageReference "Alamofire" */ = {
			isa = XCRemoteSwiftPackageReference;
			repositoryURL = "https://github.com/Alamofire/Alamofire.git";
			requirement = {
				kind = upToNextMajorVersion;
				minimumVersion = 5.0.0;
			};
		};
		9A06446628FC8B4200A552B6 /* XCRemoteSwiftPackageReference "Kingfisher" */ = {
			isa = XCRemoteSwiftPackageReference;
			repositoryURL = "https://github.com/onevcat/Kingfisher.git";
			requirement = {
				kind = upToNextMajorVersion;
				minimumVersion = 7.0.0;
			};
		};
/* End XCRemoteSwiftPackageReference section */

/* Begin XCSwiftPackageProductDependency section */
		9A06445428FC3A2C00A552B6 /* Alamofire */ = {
			isa = XCSwiftPackageProductDependency;
			package = 9A06445328FC3A2C00A552B6 /* XCRemoteSwiftPackageReference "Alamofire" */;
			productName = Alamofire;
		};
		9A06446728FC8B4200A552B6 /* Kingfisher */ = {
			isa = XCSwiftPackageProductDependency;
			package = 9A06446628FC8B4200A552B6 /* XCRemoteSwiftPackageReference "Kingfisher" */;
			productName = Kingfisher;
		};
/* End XCSwiftPackageProductDependency section */
	};
	rootObject = 9A06442428FA91B400A552B6 /* Project object */;
}
